
Microsoft Visual Studio Solution File, Format Version 12.00
Project("{FAE04EC0-301F-11D3-BF4B-00C04F79EFBC}") = "Strategy", "Strategy\Strategy.csproj", "{B55F7F3D-CA78-42A7-9C91-1EA71A16DAA6}"
EndProject
Project("{FAE04EC0-301F-11D3-BF4B-00C04F79EFBC}") = "StaticStrategy", "StaticStrategy\StaticStrategy.csproj", "{7728EBE0-EAD2-49FC-A8EB-9E87998CFDD2}"
EndProject
Global
	GlobalSection(SolutionConfigurationPlatforms) = preSolution
		Debug|Any CPU = Debug|Any CPU
		Release|Any CPU = Release|Any CPU
	EndGlobalSection
	GlobalSection(ProjectConfigurationPlatforms) = postSolution
		{B55F7F3D-CA78-42A7-9C91-1EA71A16DAA6}.Debug|Any CPU.ActiveCfg = Debug|Any CPU
		{B55F7F3D-CA78-42A7-9C91-1EA71A16DAA6}.Debug|Any CPU.Build.0 = Debug|Any CPU
		{B55F7F3D-CA78-42A7-9C91-1EA71A16DAA6}.Release|Any CPU.ActiveCfg = Release|Any CPU
		{B55F7F3D-CA78-42A7-9C91-1EA71A16DAA6}.Release|Any CPU.Build.0 = Release|Any CPU
		{7728EBE0-EAD2-49FC-A8EB-9E87998CFDD2}.Debug|Any CPU.ActiveCfg = Debug|Any CPU
		{7728EBE0-EAD2-49FC-A8EB-9E87998CFDD2}.Debug|Any CPU.Build.0 = Debug|Any CPU
		{7728EBE0-EAD2-49FC-A8EB-9E87998CFDD2}.Release|Any CPU.ActiveCfg = Release|Any CPU
		{7728EBE0-EAD2-49FC-A8EB-9E87998CFDD2}.Release|Any CPU.Build.0 = Release|Any CPU
	EndGlobalSection
EndGlobal
