
Microsoft Visual Studio Solution File, Format Version 12.00
Project("{FAE04EC0-301F-11D3-BF4B-00C04F79EFBC}") = "Main", "Main\Main.csproj", "{D36CA08B-B032-470D-9059-AA3FC879B801}"
EndProject
Global
	GlobalSection(SolutionConfigurationPlatforms) = preSolution
		Debug|Any CPU = Debug|Any CPU
		Release|Any CPU = Release|Any CPU
	EndGlobalSection
	GlobalSection(ProjectConfigurationPlatforms) = postSolution
		{D36CA08B-B032-470D-9059-AA3FC879B801}.Debug|Any CPU.ActiveCfg = Debug|Any CPU
		{D36CA08B-B032-470D-9059-AA3FC879B801}.Debug|Any CPU.Build.0 = Debug|Any CPU
		{D36CA08B-B032-470D-9059-AA3FC879B801}.Release|Any CPU.ActiveCfg = Release|Any CPU
		{D36CA08B-B032-470D-9059-AA3FC879B801}.Release|Any CPU.Build.0 = Release|Any CPU
	EndGlobalSection
EndGlobal
