
Microsoft Visual Studio Solution File, Format Version 12.00
Project("{FAE04EC0-301F-11D3-BF4B-00C04F79EFBC}") = "Mediator", "Mediator\Mediator.csproj", "{ADABF456-C0AA-413F-B25B-9353605274AD}"
EndProject
Project("{FAE04EC0-301F-11D3-BF4B-00C04F79EFBC}") = "EventBroker", "EventBroker\EventBroker.csproj", "{382C8CD2-9980-4B7F-812B-C014E405328D}"
EndProject
Global
	GlobalSection(SolutionConfigurationPlatforms) = preSolution
		Debug|Any CPU = Debug|Any CPU
		Release|Any CPU = Release|Any CPU
	EndGlobalSection
	GlobalSection(ProjectConfigurationPlatforms) = postSolution
		{ADABF456-C0AA-413F-B25B-9353605274AD}.Debug|Any CPU.ActiveCfg = Debug|Any CPU
		{ADABF456-C0AA-413F-B25B-9353605274AD}.Debug|Any CPU.Build.0 = Debug|Any CPU
		{ADABF456-C0AA-413F-B25B-9353605274AD}.Release|Any CPU.ActiveCfg = Release|Any CPU
		{ADABF456-C0AA-413F-B25B-9353605274AD}.Release|Any CPU.Build.0 = Release|Any CPU
		{382C8CD2-9980-4B7F-812B-C014E405328D}.Debug|Any CPU.ActiveCfg = Debug|Any CPU
		{382C8CD2-9980-4B7F-812B-C014E405328D}.Debug|Any CPU.Build.0 = Debug|Any CPU
		{382C8CD2-9980-4B7F-812B-C014E405328D}.Release|Any CPU.ActiveCfg = Release|Any CPU
		{382C8CD2-9980-4B7F-812B-C014E405328D}.Release|Any CPU.Build.0 = Release|Any CPU
	EndGlobalSection
EndGlobal
