
Microsoft Visual Studio Solution File, Format Version 12.00
Project("{FAE04EC0-301F-11D3-BF4B-00C04F79EFBC}") = "Builder", "Builder\Builder.csproj", "{D05A08B5-593D-4224-8908-E4F243C60548}"
EndProject
Project("{FAE04EC0-301F-11D3-BF4B-00C04F79EFBC}") = "BuilderFacet", "BuilderFacet\BuilderFacet.csproj", "{255A084B-5FC1-431D-817A-B2B0DA773BF8}"
EndProject
Global
	GlobalSection(SolutionConfigurationPlatforms) = preSolution
		Debug|Any CPU = Debug|Any CPU
		Release|Any CPU = Release|Any CPU
	EndGlobalSection
	GlobalSection(ProjectConfigurationPlatforms) = postSolution
		{D05A08B5-593D-4224-8908-E4F243C60548}.Debug|Any CPU.ActiveCfg = Debug|Any CPU
		{D05A08B5-593D-4224-8908-E4F243C60548}.Debug|Any CPU.Build.0 = Debug|Any CPU
		{D05A08B5-593D-4224-8908-E4F243C60548}.Release|Any CPU.ActiveCfg = Release|Any CPU
		{D05A08B5-593D-4224-8908-E4F243C60548}.Release|Any CPU.Build.0 = Release|Any CPU
		{255A084B-5FC1-431D-817A-B2B0DA773BF8}.Debug|Any CPU.ActiveCfg = Debug|Any CPU
		{255A084B-5FC1-431D-817A-B2B0DA773BF8}.Debug|Any CPU.Build.0 = Debug|Any CPU
		{255A084B-5FC1-431D-817A-B2B0DA773BF8}.Release|Any CPU.ActiveCfg = Release|Any CPU
		{255A084B-5FC1-431D-817A-B2B0DA773BF8}.Release|Any CPU.Build.0 = Release|Any CPU
	EndGlobalSection
EndGlobal
